{
	"name": "totalproject",
	"version": "1.0.0",
	"lockfileVersion": 2,
	"requires": true,
	"packages": {
		"": {
			"name": "totalproject",
			"version": "1.0.0",
			"license": "MIT",
			"dependencies": {
				"moment": "^2.29.3",
				"total4": "^0.0.61"
			}
		},
		"node_modules/moment": {
			"version": "2.29.3",
			"resolved": "https://registry.npmjs.org/moment/-/moment-2.29.3.tgz",
			"integrity": "sha512-c6YRvhEo//6T2Jz/vVtYzqBzwvPT95JBQ+smCytzf7c50oMZRsR/a4w88aD34I+/QVSfnoAnSBFPJHItlOMJVw==",
			"engines": {
				"node": "*"
			}
		},
		"node_modules/total4": {
			"version": "0.0.61",
			"resolved": "https://registry.npmjs.org/total4/-/total4-0.0.61.tgz",
			"integrity": "sha512-ZCjSefHMLfsicn6AGe7Ih7ZcdFWpV/JdHMdKxfa7XtQbPa7QcrBPU70BUp8aznPYwRbA0NDEJAZ6DBAnsjVEKQ==",
			"bin": {
				"total4": "bin/total4"
			}
		}
	},
	"dependencies": {
		"moment": {
			"version": "2.29.3",
			"resolved": "https://registry.npmjs.org/moment/-/moment-2.29.3.tgz",
			"integrity": "sha512-c6YRvhEo//6T2Jz/vVtYzqBzwvPT95JBQ+smCytzf7c50oMZRsR/a4w88aD34I+/QVSfnoAnSBFPJHItlOMJVw=="
		},
		"total4": {
			"version": "0.0.61",
			"resolved": "https://registry.npmjs.org/total4/-/total4-0.0.61.tgz",
			"integrity": "sha512-ZCjSefHMLfsicn6AGe7Ih7ZcdFWpV/JdHMdKxfa7XtQbPa7QcrBPU70BUp8aznPYwRbA0NDEJAZ6DBAnsjVEKQ=="
		}
	}
}
